schema: '2.0'
stages:
  data_ingestion:
    cmd: python src/data/data_ingestion.py
    deps:
    - path: src/data/data_ingestion.py
      hash: md5
      md5: ee08a4c31ae467cebbcce70b5cc5491a
      size: 3545
    params:
      params.yaml:
        data_ingestion.test_size: 0.4
    outs:
    - path: data/raw
      hash: md5
      md5: 106c38725190ad2e4bab6fa291b592a8.dir
      size: 827973
      nfiles: 2
  data_preprocessing:
    cmd: python src/data/data_preprocessing.py
    deps:
    - path: data/raw
      hash: md5
      md5: 106c38725190ad2e4bab6fa291b592a8.dir
      size: 827973
      nfiles: 2
    - path: src/data/data_preprocessing.py
      hash: md5
      md5: c1e18bf95fcc1e3d80cae9ee7c4a6383
      size: 4014
    outs:
    - path: data/interim
      hash: md5
      md5: 174016c5473576c31be2093222f61d3d.dir
      size: 566210
      nfiles: 2
  feature_engineering:
    cmd: python src/features/feature_engineering.py
    deps:
    - path: data/interim
      hash: md5
      md5: 174016c5473576c31be2093222f61d3d.dir
      size: 566210
      nfiles: 2
    - path: src/features/feature_engineering.py
      hash: md5
      md5: c1888aef256c204017522c2ce5fd36a0
      size: 3883
    params:
      params.yaml:
        feature_engineering.max_features: 6000
    outs:
    - path: data/processed
      hash: md5
      md5: 80cc39b85035c2fe07e5c7ae5d038d1d.dir
      size: 124576916
      nfiles: 2
    - path: models/vectorizer.pkl
      hash: md5
      md5: fedc16af85735e1fd00c0b0603336d6c
      size: 146326
  model_building:
    cmd: python src/model/model_building.py
    deps:
    - path: data/processed
      hash: md5
      md5: 80cc39b85035c2fe07e5c7ae5d038d1d.dir
      size: 124576916
      nfiles: 2
    - path: src/model/model_building.py
      hash: md5
      md5: 809681a98d52938b43c9befd0b00a422
      size: 2373
    outs:
    - path: models/model.pkl
      hash: md5
      md5: 006545e39d51b582b8941ec284d67748
      size: 48716
  model_evaluation:
    cmd: python src/model/model_evaluation.py
    deps:
    - path: models/model.pkl
      hash: md5
      md5: 006545e39d51b582b8941ec284d67748
      size: 48716
    - path: src/model/model_evaluation.py
      hash: md5
      md5: b0478c51e01c3536a6cbb459ba710342
      size: 5273
    outs:
    - path: reports/experiment_info.json
      hash: md5
      md5: a8aa845f47c9829cd936cca16eb478cf
      size: 82
    - path: reports/metrics.json
      hash: md5
      md5: 96f428ffa4486159fdbc135d2c516995
      size: 143
  model_registration:
    cmd: python src/model/register_model.py
    deps:
    - path: reports/experiment_info.json
      hash: md5
      md5: a8aa845f47c9829cd936cca16eb478cf
      size: 82
    - path: src/model/register_model.py
      hash: md5
      md5: 99d072fccde5a15ccb13467686819a97
      size: 2547
